
Microsoft Visual Studio Solution File, Format Version 12.00
# Visual Studio 15
VisualStudioVersion = 15.0.27703.2026
MinimumVisualStudioVersion = 10.0.40219.1
Project("{2150E333-8FDC-42A3-9474-1A3956D46DE8}") = "Solution Items", "Solution Items", "{92A876FA-0C3F-4DB5-AE8F-3DA0C0D6FE44}"
	ProjectSection(SolutionItems) = preProject
		CreepManager.ts = CreepManager.ts
		index.d.ts = index.d.ts
		main.ts = main.ts
		RoomManager.ts = RoomManager.ts
		Traveler.ts = Traveler.ts
	EndProjectSection
EndProject
Project("{2150E333-8FDC-42A3-9474-1A3956D46DE8}") = "utils", "utils", "{1050C986-E948-4A11-BE7F-ED6468FB6DEE}"
	ProjectSection(SolutionItems) = preProject
		utils\errorMapper.ts = utils\errorMapper.ts
		utils\memory.ts = utils\memory.ts
		utils\utils.ts = utils\utils.ts
	EndProjectSection
EndProject
Project("{2150E333-8FDC-42A3-9474-1A3956D46DE8}") = "tasks", "tasks", "{00DA8604-12AC-49B4-A740-4FDFE9487059}"
	ProjectSection(SolutionItems) = preProject
		tasks\Task.ts = tasks\Task.ts
		TaskManager.ts = TaskManager.ts
	EndProjectSection
EndProject
Project("{2150E333-8FDC-42A3-9474-1A3956D46DE8}") = "creep", "creep", "{A198E0CF-A9BF-4891-84B1-621CFC509CC0}"
	ProjectSection(SolutionItems) = preProject
		tasks\creep\Build.ts = tasks\creep\Build.ts
		tasks\CreepTask.ts = tasks\CreepTask.ts
		tasks\CreepTaskQueue.ts = tasks\CreepTaskQueue.ts
		tasks\CreepTaskRequest.ts = tasks\CreepTaskRequest.ts
		tasks\creep\Defend.ts = tasks\creep\Defend.ts
		tasks\creep\Dismantle.ts = tasks\creep\Dismantle.ts
		tasks\creep\FillContainers.ts = tasks\creep\FillContainers.ts
		tasks\creep\FillStorage.ts = tasks\creep\FillStorage.ts
		tasks\creep\FillTower.ts = tasks\creep\FillTower.ts
		tasks\creep\Mine.ts = tasks\creep\Mine.ts
		tasks\creep\PickupEnergy.ts = tasks\creep\PickupEnergy.ts
		tasks\creep\Restock.ts = tasks\creep\Restock.ts
		tasks\creep\Scout.ts = tasks\creep\Scout.ts
		TerminalTransfer.ts = TerminalTransfer.ts
		tasks\creep\Upgrade.ts = tasks\creep\Upgrade.ts
	EndProjectSection
EndProject
Project("{2150E333-8FDC-42A3-9474-1A3956D46DE8}") = "structure", "structure", "{5FEAC8C0-D849-405A-AB63-4D36A50569D7}"
	ProjectSection(SolutionItems) = preProject
		tasks\StructureTask.ts = tasks\StructureTask.ts
		tasks\StructureTaskQueue.ts = tasks\StructureTaskQueue.ts
		tasks\StructureTaskRequest.ts = tasks\StructureTaskRequest.ts
		tasks\structure\TowerAttack.ts = tasks\structure\TowerAttack.ts
		tasks\structure\TowerRepair.ts = tasks\structure\TowerRepair.ts
	EndProjectSection
EndProject
Global
	GlobalSection(SolutionProperties) = preSolution
		HideSolutionNode = FALSE
	EndGlobalSection
	GlobalSection(NestedProjects) = preSolution
		{1050C986-E948-4A11-BE7F-ED6468FB6DEE} = {92A876FA-0C3F-4DB5-AE8F-3DA0C0D6FE44}
		{00DA8604-12AC-49B4-A740-4FDFE9487059} = {92A876FA-0C3F-4DB5-AE8F-3DA0C0D6FE44}
		{A198E0CF-A9BF-4891-84B1-621CFC509CC0} = {00DA8604-12AC-49B4-A740-4FDFE9487059}
		{5FEAC8C0-D849-405A-AB63-4D36A50569D7} = {00DA8604-12AC-49B4-A740-4FDFE9487059}
	EndGlobalSection
	GlobalSection(ExtensibilityGlobals) = postSolution
		SolutionGuid = {2E29B59A-330E-4529-9814-B0EA814D6A4F}
	EndGlobalSection
EndGlobal
